{
  "originHash" : "4e9c54f184449984b2b119f47e6c474d86672b23022ada5c692682087dd1ab1c",
  "pins" : [
    {
      "identity" : "lottie-ios",
      "kind" : "remoteSourceControl",
      "location" : "https://github.com/airbnb/lottie-ios",
      "state" : {
        "revision" : "a004050748dc197c56256a14dca49a035d74726c",
        "version" : "4.5.2"
      }
    },
    {
      "identity" : "purchases-ios-spm",
      "kind" : "remoteSourceControl",
      "location" : "https://github.com/RevenueCat/purchases-ios-spm.git",
      "state" : {
        "revision" : "d157a0cf7b262da6d25ff91d9ee14f2d4d7fb776",
        "version" : "5.49.3"
      }
    }
  ],
  "version" : 3
}
